
Microsoft Visual Studio Solution File, Format Version 12.00
# Visual Studio Version 16
VisualStudioVersion = 25.0.1704.2
MinimumVisualStudioVersion = 10.0.40219.1
Project("{FAE04EC0-301F-11D3-BF4B-00C04F79EFBC}") = "Project.WebApi", "Project.WebApi\Project.WebApi.csproj", "{4DDE83AF-809C-4C01-A11D-E495D46186C7}"
EndProject
Project("{FAE04EC0-301F-11D3-BF4B-00C04F79EFBC}") = "StudentSystem.WebApi", "StudentSystem.WebApi\StudentSystem.WebApi.csproj", "{5C50935A-52C1-4E6E-9402-D3795C405B33}"
EndProject
Global
	GlobalSection(SolutionConfigurationPlatforms) = preSolution
		Debug|Any CPU = Debug|Any CPU
		Release|Any CPU = Release|Any CPU
	EndGlobalSection
	GlobalSection(ProjectConfigurationPlatforms) = postSolution
		{4DDE83AF-809C-4C01-A11D-E495D46186C7}.Debug|Any CPU.ActiveCfg = Debug|Any CPU
		{4DDE83AF-809C-4C01-A11D-E495D46186C7}.Debug|Any CPU.Build.0 = Debug|Any CPU
		{4DDE83AF-809C-4C01-A11D-E495D46186C7}.Release|Any CPU.ActiveCfg = Release|Any CPU
		{4DDE83AF-809C-4C01-A11D-E495D46186C7}.Release|Any CPU.Build.0 = Release|Any CPU
		{5C50935A-52C1-4E6E-9402-D3795C405B33}.Debug|Any CPU.ActiveCfg = Debug|Any CPU
		{5C50935A-52C1-4E6E-9402-D3795C405B33}.Debug|Any CPU.Build.0 = Debug|Any CPU
		{5C50935A-52C1-4E6E-9402-D3795C405B33}.Release|Any CPU.ActiveCfg = Release|Any CPU
		{5C50935A-52C1-4E6E-9402-D3795C405B33}.Release|Any CPU.Build.0 = Release|Any CPU
	EndGlobalSection
	GlobalSection(SolutionProperties) = preSolution
		HideSolutionNode = FALSE
	EndGlobalSection
	GlobalSection(ExtensibilityGlobals) = postSolution
		SolutionGuid = {1D3DC311-FC19-48E7-8F25-0F767C68B712}
	EndGlobalSection
EndGlobal
